choose_test_stations:
  cmd: julia --project=batch batch/choose_test_stations.jl ./data ./data/test_stations.csv
    --epsg=5072 --maxgap=4
  deps:
  - path: batch/choose_test_stations.jl
    md5: 7d2c2ef31c313ac8d609c777e92660c9
    size: 3099
  - path: data/data2015
    md5: 7c4a70921b6fb9788ec1c9afc6c21240.dir
    size: 93806604
    nfiles: 627
  - path: data/isdList.csv
    md5: 630e8b052daf8fc71b0ad7a3cbd2c350
    size: 290180
  - path: src/preprocessing.jl
    md5: 8c08ea5e01f5c477c90126e102dbb406
    size: 3941
  outs:
  - path: data/test_stations.csv
    md5: a7cba2e87ba74058b07af8c9a7bcea51
    size: 5527
kernelfit_KMOB_SExSE:
  cmd: julia --project=batch batch/pipeline0_kernelfit.jl KMOB SExSE ./data ./data/outputs
    --timelimit=Inf --knearest=5
  deps:
  - path: batch/pipeline0_kernelfit.jl
    md5: 36303fbf2646520d89f45d038dcea8e7
    size: 5233
  - path: data/data2015
    md5: 7c4a70921b6fb9788ec1c9afc6c21240.dir
    size: 93806604
    nfiles: 627
  - path: src/preprocessing.jl
    md5: 4c114b4114898e5938caf2695d685bb1
    size: 3945
  outs:
  - path: data/outputs/fitted_kernel/mll/SExSE/hyperparams_SExSE_KMOB.json
    md5: c96547d8e1614b5a88070a89b98387b9
    size: 616
kernelfit_KINW_SExSE:
  cmd: julia --project=batch batch/pipeline0_kernelfit.jl KINW SExSE ./data ./data/outputs
    --timelimit=Inf --knearest=5
  deps:
  - path: batch/pipeline0_kernelfit.jl
    md5: 36303fbf2646520d89f45d038dcea8e7
    size: 5233
  - path: data/data2015
    md5: 7c4a70921b6fb9788ec1c9afc6c21240.dir
    size: 93806604
    nfiles: 627
  - path: src/preprocessing.jl
    md5: 4c114b4114898e5938caf2695d685bb1
    size: 3945
  outs:
  - path: data/outputs/fitted_kernel/mll/SExSE/hyperparams_SExSE_KINW.json
    md5: 3b85571d5b4628e8f8e4e95744999cc0
    size: 619
nearby_predictions_KINW_SExSE:
  cmd: julia --project=batch batch/pipeline1.jl KINW SExSE ./data ./data/outputs data/outputs/fitted_kernel/mll/SExSE/hyperparams_SExSE_KINW.json
    --knearest=5
  deps:
  - path: batch/pipeline1.jl
    md5: fe5effd906f4b225cc73c72cac847c14
    size: 3799
  - path: data/data2015
    md5: 7c4a70921b6fb9788ec1c9afc6c21240.dir
    size: 93806604
    nfiles: 627
  - path: data/outputs/fitted_kernel/mll/SExSE/hyperparams_SExSE_KINW.json
    md5: d43abfa5751a58b122553c5633aa48bf
    size: 617
  - path: src/GPrealisations.jl
    md5: 76228e81f931d56323b9698ebecb121a
    size: 10327
  - path: src/predict_from_nearby.jl
    md5: 4fbcdd03544779f70f50d3333df5ff67
    size: 3166
  - path: src/preprocessing.jl
    md5: 4c114b4114898e5938caf2695d685bb1
    size: 3945
  outs:
  - path: data/outputs/predictions_from_nearby/mll/SExSE/KINW
    md5: 4ef2a5aafbfa6aa86338467f81491f89.dir
    size: 1022545208
    nfiles: 13
nearby_predictions_KMOB_SExSE:
  cmd: julia --project=batch batch/pipeline1.jl KMOB SExSE ./data ./data/outputs data/outputs/fitted_kernel/mll/SExSE/hyperparams_SExSE_KMOB.json
    --knearest=5
  deps:
  - path: batch/pipeline1.jl
    md5: fe5effd906f4b225cc73c72cac847c14
    size: 3799
  - path: data/data2015
    md5: 7c4a70921b6fb9788ec1c9afc6c21240.dir
    size: 93806604
    nfiles: 627
  - path: data/outputs/fitted_kernel/mll/SExSE/hyperparams_SExSE_KMOB.json
    md5: c96547d8e1614b5a88070a89b98387b9
    size: 616
  - path: src/GPrealisations.jl
    md5: 76228e81f931d56323b9698ebecb121a
    size: 10327
  - path: src/predict_from_nearby.jl
    md5: 4fbcdd03544779f70f50d3333df5ff67
    size: 3166
  - path: src/preprocessing.jl
    md5: 4c114b4114898e5938caf2695d685bb1
    size: 3945
  outs:
  - path: data/outputs/predictions_from_nearby/mll/SExSE/KMOB
    md5: 85688bf38ec52a956fe155c914030f00.dir
    size: 1516193720
    nfiles: 13
compilestan:
  cmd: julia --project=batch batch/pipeline2.jl compilestan KBDL SExSE 1 ./data ./data/outputs/compiledstan
  deps:
  - path: batch/pipeline2.jl
    md5: 9ef0781ed7eece19c420bf540c1d3c9c
    size: 4713
  - path: src/stan_impute.jl
    md5: 30f4f33415206c9f27e9249e302f1952
    size: 5903
  outs:
  - path: data/outputs/compiledstan/hr_measure/mll/SExSE/17/KBDL/725080_14740_KBDL_2015-01-01_to_2015-01-15/imputation
    md5: c46dc1933e764dedc4355019ac90c171
    size: 1766400
  - path: data/outputs/compiledstan/hr_measure/mll/SExSE/17/KBDL/725080_14740_KBDL_2015-01-01_to_2015-01-15/imputation.d
    md5: 23c636095e15de40b5bd441187834fc3
    size: 452195
  - path: data/outputs/compiledstan/hr_measure/mll/SExSE/17/KBDL/725080_14740_KBDL_2015-01-01_to_2015-01-15/imputation.hpp
    md5: 9d299168b7b4cdf059c6262d1ca315ee
    size: 39931
  - path: data/outputs/compiledstan/hr_measure/mll/SExSE/17/KBDL/725080_14740_KBDL_2015-01-01_to_2015-01-15/imputation.o
    md5: ae70473557541d920ab22fe495349207
    size: 573744
  - path: data/outputs/compiledstan/hr_measure/mll/SExSE/17/KBDL/725080_14740_KBDL_2015-01-01_to_2015-01-15/imputation.stan
    md5: e8d100dbf5903ba0b3dbd933cbf023d5
    size: 2035
kernelfit_KBDL_SExSE:
  cmd: julia --project=batch batch/pipeline0_kernelfit.jl KBDL SExSE ./data ./data/outputs
    --timelimit=Inf --knearest=5
  deps:
  - path: batch/pipeline0_kernelfit.jl
    md5: 36303fbf2646520d89f45d038dcea8e7
    size: 5233
  - path: data/data2015
    md5: 7c4a70921b6fb9788ec1c9afc6c21240.dir
    size: 93806604
    nfiles: 627
  - path: src/preprocessing.jl
    md5: 4c114b4114898e5938caf2695d685bb1
    size: 3945
  outs:
  - path: data/outputs/fitted_kernel/mll/SExSE/hyperparams_SExSE_KBDL.json
    md5: 34e60e84761caa30c7d91526de6dbfa1
    size: 617
kernelfit_KCEF_SExSE:
  cmd: julia --project=batch batch/pipeline0_kernelfit.jl KCEF SExSE ./data ./data/outputs
    --timelimit=Inf --knearest=5
  deps:
  - path: batch/pipeline0_kernelfit.jl
    md5: 36303fbf2646520d89f45d038dcea8e7
    size: 5233
  - path: data/data2015
    md5: 7c4a70921b6fb9788ec1c9afc6c21240.dir
    size: 93806604
    nfiles: 627
  - path: src/preprocessing.jl
    md5: 4c114b4114898e5938caf2695d685bb1
    size: 3945
  outs:
  - path: data/outputs/fitted_kernel/mll/SExSE/hyperparams_SExSE_KCEF.json
    md5: 2f8df7cf82108a835d09bb05458efbbd
    size: 616
kernelfit_KAUG_SExSE:
  cmd: julia --project=batch batch/pipeline0_kernelfit.jl KAUG SExSE ./data ./data/outputs
    --timelimit=Inf --knearest=5
  deps:
  - path: batch/pipeline0_kernelfit.jl
    md5: 36303fbf2646520d89f45d038dcea8e7
    size: 5233
  - path: data/data2015
    md5: 7c4a70921b6fb9788ec1c9afc6c21240.dir
    size: 93806604
    nfiles: 627
  - path: src/preprocessing.jl
    md5: 4c114b4114898e5938caf2695d685bb1
    size: 3945
  outs:
  - path: data/outputs/fitted_kernel/mll/SExSE/hyperparams_SExSE_KAUG.json
    md5: 7db797110499e12258eadc619d9ab29c
    size: 616
kernelfit_KFAT_SExSE:
  cmd: julia --project=batch batch/pipeline0_kernelfit.jl KFAT SExSE ./data ./data/outputs
    --timelimit=Inf --knearest=5
  deps:
  - path: batch/pipeline0_kernelfit.jl
    md5: 36303fbf2646520d89f45d038dcea8e7
    size: 5233
  - path: data/data2015
    md5: 7c4a70921b6fb9788ec1c9afc6c21240.dir
    size: 93806604
    nfiles: 627
  - path: src/preprocessing.jl
    md5: 4c114b4114898e5938caf2695d685bb1
    size: 3945
  outs:
  - path: data/outputs/fitted_kernel/mll/SExSE/hyperparams_SExSE_KFAT.json
    md5: 132868a5374bbeeecb93916508cdf16e
    size: 616
kernelfit_KDSM_SExSE:
  cmd: julia --project=batch batch/pipeline0_kernelfit.jl KDSM SExSE ./data ./data/outputs
    --timelimit=Inf --knearest=5
  deps:
  - path: batch/pipeline0_kernelfit.jl
    md5: 36303fbf2646520d89f45d038dcea8e7
    size: 5233
  - path: data/data2015
    md5: 7c4a70921b6fb9788ec1c9afc6c21240.dir
    size: 93806604
    nfiles: 627
  - path: src/preprocessing.jl
    md5: 4c114b4114898e5938caf2695d685bb1
    size: 3945
  outs:
  - path: data/outputs/fitted_kernel/mll/SExSE/hyperparams_SExSE_KDSM.json
    md5: 5bb6ec690ffff73bd0b20df41f6cb55a
    size: 617
kernelfit_KICT_SExSE:
  cmd: julia --project=batch batch/pipeline0_kernelfit.jl KICT SExSE ./data ./data/outputs
    --timelimit=Inf --knearest=5
  deps:
  - path: batch/pipeline0_kernelfit.jl
    md5: 36303fbf2646520d89f45d038dcea8e7
    size: 5233
  - path: data/data2015
    md5: 7c4a70921b6fb9788ec1c9afc6c21240.dir
    size: 93806604
    nfiles: 627
  - path: src/preprocessing.jl
    md5: 4c114b4114898e5938caf2695d685bb1
    size: 3945
  outs:
  - path: data/outputs/fitted_kernel/mll/SExSE/hyperparams_SExSE_KICT.json
    md5: 7ee8aa40f5a58946cd417e4acc02b8bf
    size: 614
kernelfit_KIND_SExSE:
  cmd: julia --project=batch batch/pipeline0_kernelfit.jl KIND SExSE ./data ./data/outputs
    --timelimit=Inf --knearest=5
  deps:
  - path: batch/pipeline0_kernelfit.jl
    md5: 36303fbf2646520d89f45d038dcea8e7
    size: 5233
  - path: data/data2015
    md5: 7c4a70921b6fb9788ec1c9afc6c21240.dir
    size: 93806604
    nfiles: 627
  - path: src/preprocessing.jl
    md5: 4c114b4114898e5938caf2695d685bb1
    size: 3945
  outs:
  - path: data/outputs/fitted_kernel/mll/SExSE/hyperparams_SExSE_KIND.json
    md5: ae3a172ff111660b8ace6d4f728b04f5
    size: 617
kernelfit_KLSE_SExSE:
  cmd: julia --project=batch batch/pipeline0_kernelfit.jl KLSE SExSE ./data ./data/outputs
    --timelimit=Inf --knearest=5
  deps:
  - path: batch/pipeline0_kernelfit.jl
    md5: 36303fbf2646520d89f45d038dcea8e7
    size: 5233
  - path: data/data2015
    md5: 7c4a70921b6fb9788ec1c9afc6c21240.dir
    size: 93806604
    nfiles: 627
  - path: src/preprocessing.jl
    md5: 4c114b4114898e5938caf2695d685bb1
    size: 3945
  outs:
  - path: data/outputs/fitted_kernel/mll/SExSE/hyperparams_SExSE_KLSE.json
    md5: 674c801701bc671a633fa7a9c3d12ea2
    size: 617
kernelfit_KABE_SExSE:
  cmd: julia --project=batch batch/pipeline0_kernelfit.jl KABE SExSE ./data ./data/outputs
    --timelimit=Inf --knearest=5
  deps:
  - path: batch/pipeline0_kernelfit.jl
    md5: 36303fbf2646520d89f45d038dcea8e7
    size: 5233
  - path: data/data2015
    md5: 7c4a70921b6fb9788ec1c9afc6c21240.dir
    size: 93806604
    nfiles: 627
  - path: src/preprocessing.jl
    md5: 4c114b4114898e5938caf2695d685bb1
    size: 3945
  outs:
  - path: data/outputs/fitted_kernel/mll/SExSE/hyperparams_SExSE_KABE.json
    md5: c9ee94ce1499df8d0f65fe30c3325904
    size: 617
kernelfit_KSPI_SExSE:
  cmd: julia --project=batch batch/pipeline0_kernelfit.jl KSPI SExSE ./data ./data/outputs
    --timelimit=Inf --knearest=5
  deps:
  - path: batch/pipeline0_kernelfit.jl
    md5: 36303fbf2646520d89f45d038dcea8e7
    size: 5233
  - path: data/data2015
    md5: 7c4a70921b6fb9788ec1c9afc6c21240.dir
    size: 93806604
    nfiles: 627
  - path: src/preprocessing.jl
    md5: 4c114b4114898e5938caf2695d685bb1
    size: 3945
  outs:
  - path: data/outputs/fitted_kernel/mll/SExSE/hyperparams_SExSE_KSPI.json
    md5: 17e9fa6d71b7b2a875915c2fcba094d2
    size: 615
kernelfit_KSGF_SExSE:
  cmd: julia --project=batch batch/pipeline0_kernelfit.jl KSGF SExSE ./data ./data/outputs
    --timelimit=Inf --knearest=5
  deps:
  - path: batch/pipeline0_kernelfit.jl
    md5: 36303fbf2646520d89f45d038dcea8e7
    size: 5233
  - path: data/data2015
    md5: 7c4a70921b6fb9788ec1c9afc6c21240.dir
    size: 93806604
    nfiles: 627
  - path: src/preprocessing.jl
    md5: 4c114b4114898e5938caf2695d685bb1
    size: 3945
  outs:
  - path: data/outputs/fitted_kernel/mll/SExSE/hyperparams_SExSE_KSGF.json
    md5: 47636b68cc6aee311ef81ce34336afdd
    size: 612
kernelfit_KBHM_SExSE:
  cmd: julia --project=batch batch/pipeline0_kernelfit.jl KBHM SExSE ./data ./data/outputs
    --timelimit=Inf --knearest=5
  deps:
  - path: batch/pipeline0_kernelfit.jl
    md5: 36303fbf2646520d89f45d038dcea8e7
    size: 5233
  - path: data/data2015
    md5: 7c4a70921b6fb9788ec1c9afc6c21240.dir
    size: 93806604
    nfiles: 627
  - path: src/preprocessing.jl
    md5: 4c114b4114898e5938caf2695d685bb1
    size: 3945
  outs:
  - path: data/outputs/fitted_kernel/mll/SExSE/hyperparams_SExSE_KBHM.json
    md5: 1c6448e4be0c0bb7f95c16c74a320911
    size: 616
kernelfit_KCRW_SExSE:
  cmd: julia --project=batch batch/pipeline0_kernelfit.jl KCRW SExSE ./data ./data/outputs
    --timelimit=Inf --knearest=5
  deps:
  - path: batch/pipeline0_kernelfit.jl
    md5: 36303fbf2646520d89f45d038dcea8e7
    size: 5233
  - path: data/data2015
    md5: 7c4a70921b6fb9788ec1c9afc6c21240.dir
    size: 93806604
    nfiles: 627
  - path: src/preprocessing.jl
    md5: 4c114b4114898e5938caf2695d685bb1
    size: 3945
  outs:
  - path: data/outputs/fitted_kernel/mll/SExSE/hyperparams_SExSE_KCRW.json
    md5: c38d7486c6e7c321dab8c20fa05ca70b
    size: 615
kernelfit_KMWL_SExSE:
  cmd: julia --project=batch batch/pipeline0_kernelfit.jl KMWL SExSE ./data ./data/outputs
    --timelimit=Inf --knearest=5
  deps:
  - path: batch/pipeline0_kernelfit.jl
    md5: 36303fbf2646520d89f45d038dcea8e7
    size: 5233
  - path: data/data2015
    md5: 7c4a70921b6fb9788ec1c9afc6c21240.dir
    size: 93806604
    nfiles: 627
  - path: src/preprocessing.jl
    md5: 4c114b4114898e5938caf2695d685bb1
    size: 3945
  outs:
  - path: data/outputs/fitted_kernel/mll/SExSE/hyperparams_SExSE_KMWL.json
    md5: d9b56ccf25d80ab960571d71a2c67af9
    size: 616
kernelfit_KABQ_SExSE:
  cmd: julia --project=batch batch/pipeline0_kernelfit.jl KABQ SExSE ./data ./data/outputs
    --timelimit=Inf --knearest=5
  deps:
  - path: batch/pipeline0_kernelfit.jl
    md5: 36303fbf2646520d89f45d038dcea8e7
    size: 5233
  - path: data/data2015
    md5: 7c4a70921b6fb9788ec1c9afc6c21240.dir
    size: 93806604
    nfiles: 627
  - path: src/preprocessing.jl
    md5: 4c114b4114898e5938caf2695d685bb1
    size: 3945
  outs:
  - path: data/outputs/fitted_kernel/mll/SExSE/hyperparams_SExSE_KABQ.json
    md5: 71e5dbbb642e05752471ec90fa20bc07
    size: 613
kernelfit_KABR_SExSE:
  cmd: julia --project=batch batch/pipeline0_kernelfit.jl KABR SExSE ./data ./data/outputs
    --timelimit=Inf --knearest=5
  deps:
  - path: batch/pipeline0_kernelfit.jl
    md5: 36303fbf2646520d89f45d038dcea8e7
    size: 5233
  - path: data/data2015
    md5: 7c4a70921b6fb9788ec1c9afc6c21240.dir
    size: 93806604
    nfiles: 627
  - path: src/preprocessing.jl
    md5: 4c114b4114898e5938caf2695d685bb1
    size: 3945
  outs:
  - path: data/outputs/fitted_kernel/mll/SExSE/hyperparams_SExSE_KABR.json
    md5: a98fe064297add6ef435821123e8fa9f
    size: 617
kernelfit_KCMH_SExSE:
  cmd: julia --project=batch batch/pipeline0_kernelfit.jl KCMH SExSE ./data ./data/outputs
    --timelimit=Inf --knearest=5
  deps:
  - path: batch/pipeline0_kernelfit.jl
    md5: 36303fbf2646520d89f45d038dcea8e7
    size: 5233
  - path: data/data2015
    md5: 7c4a70921b6fb9788ec1c9afc6c21240.dir
    size: 93806604
    nfiles: 627
  - path: src/preprocessing.jl
    md5: 4c114b4114898e5938caf2695d685bb1
    size: 3945
  outs:
  - path: data/outputs/fitted_kernel/mll/SExSE/hyperparams_SExSE_KCMH.json
    md5: d380f8f83787102e13fbeb5a9c5d9586
    size: 614
kernelfit_KGTF_SExSE:
  cmd: julia --project=batch batch/pipeline0_kernelfit.jl KGTF SExSE ./data ./data/outputs
    --timelimit=Inf --knearest=5
  deps:
  - path: batch/pipeline0_kernelfit.jl
    md5: 36303fbf2646520d89f45d038dcea8e7
    size: 5233
  - path: data/data2015
    md5: 7c4a70921b6fb9788ec1c9afc6c21240.dir
    size: 93806604
    nfiles: 627
  - path: src/preprocessing.jl
    md5: 4c114b4114898e5938caf2695d685bb1
    size: 3945
  outs:
  - path: data/outputs/fitted_kernel/mll/SExSE/hyperparams_SExSE_KGTF.json
    md5: b6e0cad748fbdb90ce0632c070d0b24f
    size: 616
kernelfit_KOKC_SExSE:
  cmd: julia --project=batch batch/pipeline0_kernelfit.jl KOKC SExSE ./data ./data/outputs
    --timelimit=Inf --knearest=5
  deps:
  - path: batch/pipeline0_kernelfit.jl
    md5: 36303fbf2646520d89f45d038dcea8e7
    size: 5233
  - path: data/data2015
    md5: 7c4a70921b6fb9788ec1c9afc6c21240.dir
    size: 93806604
    nfiles: 627
  - path: src/preprocessing.jl
    md5: 4c114b4114898e5938caf2695d685bb1
    size: 3945
  outs:
  - path: data/outputs/fitted_kernel/mll/SExSE/hyperparams_SExSE_KOKC.json
    md5: 8d6a718fb0c36a6c242f80e9810fc76c
    size: 615
kernelfit_KDLH_SExSE:
  cmd: julia --project=batch batch/pipeline0_kernelfit.jl KDLH SExSE ./data ./data/outputs
    --timelimit=Inf --knearest=5
  deps:
  - path: batch/pipeline0_kernelfit.jl
    md5: 36303fbf2646520d89f45d038dcea8e7
    size: 5233
  - path: data/data2015
    md5: 7c4a70921b6fb9788ec1c9afc6c21240.dir
    size: 93806604
    nfiles: 627
  - path: src/preprocessing.jl
    md5: 4c114b4114898e5938caf2695d685bb1
    size: 3945
  outs:
  - path: data/outputs/fitted_kernel/mll/SExSE/hyperparams_SExSE_KDLH.json
    md5: 26c9e6dec4fe9e3a5b7a6d5ba031d22b
    size: 616
kernelfit_KATL_SExSE:
  cmd: julia --project=batch batch/pipeline0_kernelfit.jl KATL SExSE ./data ./data/outputs
    --timelimit=Inf --knearest=5
  deps:
  - path: batch/pipeline0_kernelfit.jl
    md5: 36303fbf2646520d89f45d038dcea8e7
    size: 5233
  - path: data/data2015
    md5: 7c4a70921b6fb9788ec1c9afc6c21240.dir
    size: 93806604
    nfiles: 627
  - path: src/preprocessing.jl
    md5: 4c114b4114898e5938caf2695d685bb1
    size: 3945
  outs:
  - path: data/outputs/fitted_kernel/mll/SExSE/hyperparams_SExSE_KATL.json
    md5: c037c35b2fbfdfbce561b0e79b99fd42
    size: 616
kernelfit_KFYV_SExSE:
  cmd: julia --project=batch batch/pipeline0_kernelfit.jl KFYV SExSE ./data ./data/outputs
    --timelimit=Inf --knearest=5
  deps:
  - path: batch/pipeline0_kernelfit.jl
    md5: 36303fbf2646520d89f45d038dcea8e7
    size: 5233
  - path: data/data2015
    md5: 7c4a70921b6fb9788ec1c9afc6c21240.dir
    size: 93806604
    nfiles: 627
  - path: src/preprocessing.jl
    md5: 4c114b4114898e5938caf2695d685bb1
    size: 3945
  outs:
  - path: data/outputs/fitted_kernel/mll/SExSE/hyperparams_SExSE_KFYV.json
    md5: 1e5347d8344fa4cfb9e97b379169de55
    size: 614
kernelfit_KLEX_SExSE:
  cmd: julia --project=batch batch/pipeline0_kernelfit.jl KLEX SExSE ./data ./data/outputs
    --timelimit=Inf --knearest=5
  deps:
  - path: batch/pipeline0_kernelfit.jl
    md5: 36303fbf2646520d89f45d038dcea8e7
    size: 5233
  - path: data/data2015
    md5: 7c4a70921b6fb9788ec1c9afc6c21240.dir
    size: 93806604
    nfiles: 627
  - path: src/preprocessing.jl
    md5: 4c114b4114898e5938caf2695d685bb1
    size: 3945
  outs:
  - path: data/outputs/fitted_kernel/mll/SExSE/hyperparams_SExSE_KLEX.json
    md5: 654ea873f48f1100681f18d5e558f5eb
    size: 616
kernelfit_KBNA_SExSE:
  cmd: julia --project=batch batch/pipeline0_kernelfit.jl KBNA SExSE ./data ./data/outputs
    --timelimit=Inf --knearest=5
  deps:
  - path: batch/pipeline0_kernelfit.jl
    md5: 36303fbf2646520d89f45d038dcea8e7
    size: 5233
  - path: data/data2015
    md5: 7c4a70921b6fb9788ec1c9afc6c21240.dir
    size: 93806604
    nfiles: 627
  - path: src/preprocessing.jl
    md5: 4c114b4114898e5938caf2695d685bb1
    size: 3945
  outs:
  - path: data/outputs/fitted_kernel/mll/SExSE/hyperparams_SExSE_KBNA.json
    md5: 6ac4269cf22871973faf7c19db347c9b
    size: 616
kernelfit_KCOS_SExSE:
  cmd: julia --project=batch batch/pipeline0_kernelfit.jl KCOS SExSE ./data ./data/outputs
    --timelimit=Inf --knearest=5
  deps:
  - path: batch/pipeline0_kernelfit.jl
    md5: 36303fbf2646520d89f45d038dcea8e7
    size: 5233
  - path: data/data2015
    md5: 7c4a70921b6fb9788ec1c9afc6c21240.dir
    size: 93806604
    nfiles: 627
  - path: src/preprocessing.jl
    md5: 4c114b4114898e5938caf2695d685bb1
    size: 3945
  outs:
  - path: data/outputs/fitted_kernel/mll/SExSE/hyperparams_SExSE_KCOS.json
    md5: 563b033f3db466211bfd7bd1d5b0c30f
    size: 616
kernelfit_KCAE_SExSE:
  cmd: julia --project=batch batch/pipeline0_kernelfit.jl KCAE SExSE ./data ./data/outputs
    --timelimit=Inf --knearest=5
  deps:
  - path: batch/pipeline0_kernelfit.jl
    md5: 36303fbf2646520d89f45d038dcea8e7
    size: 5233
  - path: data/data2015
    md5: 7c4a70921b6fb9788ec1c9afc6c21240.dir
    size: 93806604
    nfiles: 627
  - path: src/preprocessing.jl
    md5: 4c114b4114898e5938caf2695d685bb1
    size: 3945
  outs:
  - path: data/outputs/fitted_kernel/mll/SExSE/hyperparams_SExSE_KCAE.json
    md5: ce96838d1246291f68ab72820844909a
    size: 613
kernelfit_KROA_SExSE:
  cmd: julia --project=batch batch/pipeline0_kernelfit.jl KROA SExSE ./data ./data/outputs
    --timelimit=Inf --knearest=5
  deps:
  - path: batch/pipeline0_kernelfit.jl
    md5: 36303fbf2646520d89f45d038dcea8e7
    size: 5233
  - path: data/data2015
    md5: 7c4a70921b6fb9788ec1c9afc6c21240.dir
    size: 93806604
    nfiles: 627
  - path: src/preprocessing.jl
    md5: 4c114b4114898e5938caf2695d685bb1
    size: 3945
  outs:
  - path: data/outputs/fitted_kernel/mll/SExSE/hyperparams_SExSE_KROA.json
    md5: 5165b4dcfcbdc516e5dd99148ec6619a
    size: 616
kernelfit_KTPH_SExSE:
  cmd: julia --project=batch batch/pipeline0_kernelfit.jl KTPH SExSE ./data ./data/outputs
    --timelimit=Inf --knearest=5
  deps:
  - path: batch/pipeline0_kernelfit.jl
    md5: 36303fbf2646520d89f45d038dcea8e7
    size: 5233
  - path: data/data2015
    md5: 7c4a70921b6fb9788ec1c9afc6c21240.dir
    size: 93806604
    nfiles: 627
  - path: src/preprocessing.jl
    md5: 4c114b4114898e5938caf2695d685bb1
    size: 3945
  outs:
  - path: data/outputs/fitted_kernel/mll/SExSE/hyperparams_SExSE_KTPH.json
    md5: 7df22c48784ff219ac0f332c47b2d7c5
    size: 618
kernelfit_KLBF_SExSE:
  cmd: julia --project=batch batch/pipeline0_kernelfit.jl KLBF SExSE ./data ./data/outputs
    --timelimit=Inf --knearest=5
  deps:
  - path: batch/pipeline0_kernelfit.jl
    md5: 36303fbf2646520d89f45d038dcea8e7
    size: 5233
  - path: data/data2015
    md5: 7c4a70921b6fb9788ec1c9afc6c21240.dir
    size: 93806604
    nfiles: 627
  - path: src/preprocessing.jl
    md5: 4c114b4114898e5938caf2695d685bb1
    size: 3945
  outs:
  - path: data/outputs/fitted_kernel/mll/SExSE/hyperparams_SExSE_KLBF.json
    md5: e347aa4f027cd8ef919dc787fef68fc9
    size: 616
kernelfit_KSHV_SExSE:
  cmd: julia --project=batch batch/pipeline0_kernelfit.jl KSHV SExSE ./data ./data/outputs
    --timelimit=Inf --knearest=5
  deps:
  - path: batch/pipeline0_kernelfit.jl
    md5: 36303fbf2646520d89f45d038dcea8e7
    size: 5233
  - path: data/data2015
    md5: 7c4a70921b6fb9788ec1c9afc6c21240.dir
    size: 93806604
    nfiles: 627
  - path: src/preprocessing.jl
    md5: 4c114b4114898e5938caf2695d685bb1
    size: 3945
  outs:
  - path: data/outputs/fitted_kernel/mll/SExSE/hyperparams_SExSE_KSHV.json
    md5: d8823d66c47e8180096d3647cfd6c795
    size: 617
kernelfit_KBIS_SExSE:
  cmd: julia --project=batch batch/pipeline0_kernelfit.jl KBIS SExSE ./data ./data/outputs
    --timelimit=Inf --knearest=5
  deps:
  - path: batch/pipeline0_kernelfit.jl
    md5: 36303fbf2646520d89f45d038dcea8e7
    size: 5233
  - path: data/data2015
    md5: 7c4a70921b6fb9788ec1c9afc6c21240.dir
    size: 93806604
    nfiles: 627
  - path: src/preprocessing.jl
    md5: 4c114b4114898e5938caf2695d685bb1
    size: 3945
  outs:
  - path: data/outputs/fitted_kernel/mll/SExSE/hyperparams_SExSE_KBIS.json
    md5: f45f14369761efb4901efbfa1072bc9f
    size: 616
kernelfit_KMPV_SExSE:
  cmd: julia --project=batch batch/pipeline0_kernelfit.jl KMPV SExSE ./data ./data/outputs
    --timelimit=Inf --knearest=5
  deps:
  - path: batch/pipeline0_kernelfit.jl
    md5: 36303fbf2646520d89f45d038dcea8e7
    size: 5233
  - path: data/data2015
    md5: 7c4a70921b6fb9788ec1c9afc6c21240.dir
    size: 93806604
    nfiles: 627
  - path: src/preprocessing.jl
    md5: 4c114b4114898e5938caf2695d685bb1
    size: 3945
  outs:
  - path: data/outputs/fitted_kernel/mll/SExSE/hyperparams_SExSE_KMPV.json
    md5: 7332ebd0035db60c2810d69e56293948
    size: 617
kernelfit_KJAN_SExSE:
  cmd: julia --project=batch batch/pipeline0_kernelfit.jl KJAN SExSE ./data ./data/outputs
    --timelimit=Inf --knearest=5
  deps:
  - path: batch/pipeline0_kernelfit.jl
    md5: 36303fbf2646520d89f45d038dcea8e7
    size: 5233
  - path: data/data2015
    md5: 7c4a70921b6fb9788ec1c9afc6c21240.dir
    size: 93806604
    nfiles: 627
  - path: src/preprocessing.jl
    md5: 4c114b4114898e5938caf2695d685bb1
    size: 3945
  outs:
  - path: data/outputs/fitted_kernel/mll/SExSE/hyperparams_SExSE_KJAN.json
    md5: 66b9d6a13341429536fafdce98861b70
    size: 616
kernelfit_KRDU_SExSE:
  cmd: julia --project=batch batch/pipeline0_kernelfit.jl KRDU SExSE ./data ./data/outputs
    --timelimit=Inf --knearest=5
  deps:
  - path: batch/pipeline0_kernelfit.jl
    md5: 36303fbf2646520d89f45d038dcea8e7
    size: 5233
  - path: data/data2015
    md5: 7c4a70921b6fb9788ec1c9afc6c21240.dir
    size: 93806604
    nfiles: 627
  - path: src/preprocessing.jl
    md5: 4c114b4114898e5938caf2695d685bb1
    size: 3945
  outs:
  - path: data/outputs/fitted_kernel/mll/SExSE/hyperparams_SExSE_KRDU.json
    md5: 550a511c27f7a867e470557f15906e0c
    size: 617
kernelfit_KPIH_SExSE:
  cmd: julia --project=batch batch/pipeline0_kernelfit.jl KPIH SExSE ./data ./data/outputs
    --timelimit=Inf --knearest=5
  deps:
  - path: batch/pipeline0_kernelfit.jl
    md5: 36303fbf2646520d89f45d038dcea8e7
    size: 5233
  - path: data/data2015
    md5: 7c4a70921b6fb9788ec1c9afc6c21240.dir
    size: 93806604
    nfiles: 627
  - path: src/preprocessing.jl
    md5: 4c114b4114898e5938caf2695d685bb1
    size: 3945
  outs:
  - path: data/outputs/fitted_kernel/mll/SExSE/hyperparams_SExSE_KPIH.json
    md5: a2ee8a2cfb1fc9ea1e4b991b32b83248
    size: 618
kernelfit_KPVD_SExSE:
  cmd: julia --project=batch batch/pipeline0_kernelfit.jl KPVD SExSE ./data ./data/outputs
    --timelimit=Inf --knearest=5
  deps:
  - path: batch/pipeline0_kernelfit.jl
    md5: 36303fbf2646520d89f45d038dcea8e7
    size: 5233
  - path: data/data2015
    md5: 7c4a70921b6fb9788ec1c9afc6c21240.dir
    size: 93806604
    nfiles: 627
  - path: src/preprocessing.jl
    md5: 4c114b4114898e5938caf2695d685bb1
    size: 3945
  outs:
  - path: data/outputs/fitted_kernel/mll/SExSE/hyperparams_SExSE_KPVD.json
    md5: 75688ba736a40c9c4e62b91fb9029564
    size: 617
kernelfit_KSYR_SExSE:
  cmd: julia --project=batch batch/pipeline0_kernelfit.jl KSYR SExSE ./data ./data/outputs
    --timelimit=Inf --knearest=5
  deps:
  - path: batch/pipeline0_kernelfit.jl
    md5: 36303fbf2646520d89f45d038dcea8e7
    size: 5233
  - path: data/data2015
    md5: 7c4a70921b6fb9788ec1c9afc6c21240.dir
    size: 93806604
    nfiles: 627
  - path: src/preprocessing.jl
    md5: 4c114b4114898e5938caf2695d685bb1
    size: 3945
  outs:
  - path: data/outputs/fitted_kernel/mll/SExSE/hyperparams_SExSE_KSYR.json
    md5: 4d8b0066031e6fdd67a18e45efa11152
    size: 615
kernelfit_KEUG_SExSE:
  cmd: julia --project=batch batch/pipeline0_kernelfit.jl KEUG SExSE ./data ./data/outputs
    --timelimit=Inf --knearest=5
  deps:
  - path: batch/pipeline0_kernelfit.jl
    md5: 36303fbf2646520d89f45d038dcea8e7
    size: 5233
  - path: data/data2015
    md5: 7c4a70921b6fb9788ec1c9afc6c21240.dir
    size: 93806604
    nfiles: 627
  - path: src/preprocessing.jl
    md5: 4c114b4114898e5938caf2695d685bb1
    size: 3945
  outs:
  - path: data/outputs/fitted_kernel/mll/SExSE/hyperparams_SExSE_KEUG.json
    md5: d5f97efae166a08c595ee71a96dc48e3
    size: 616
kernelfit_KSEA_SExSE:
  cmd: julia --project=batch batch/pipeline0_kernelfit.jl KSEA SExSE ./data ./data/outputs
    --timelimit=Inf --knearest=5
  deps:
  - path: batch/pipeline0_kernelfit.jl
    md5: 36303fbf2646520d89f45d038dcea8e7
    size: 5233
  - path: data/data2015
    md5: 7c4a70921b6fb9788ec1c9afc6c21240.dir
    size: 93806604
    nfiles: 627
  - path: src/preprocessing.jl
    md5: 4c114b4114898e5938caf2695d685bb1
    size: 3945
  outs:
  - path: data/outputs/fitted_kernel/mll/SExSE/hyperparams_SExSE_KSEA.json
    md5: 9fd9140a9a84ec318a2f6112e7bd0a30
    size: 616
kernelfit_KSLC_SExSE:
  cmd: julia --project=batch batch/pipeline0_kernelfit.jl KSLC SExSE ./data ./data/outputs
    --timelimit=Inf --knearest=5
  deps:
  - path: batch/pipeline0_kernelfit.jl
    md5: 36303fbf2646520d89f45d038dcea8e7
    size: 5233
  - path: data/data2015
    md5: 7c4a70921b6fb9788ec1c9afc6c21240.dir
    size: 93806604
    nfiles: 627
  - path: src/preprocessing.jl
    md5: 4c114b4114898e5938caf2695d685bb1
    size: 3945
  outs:
  - path: data/outputs/fitted_kernel/mll/SExSE/hyperparams_SExSE_KSLC.json
    md5: 2d43807d922ddcee0ba3d3c7a9207e91
    size: 614
kernelfit_KPLN_SExSE:
  cmd: julia --project=batch batch/pipeline0_kernelfit.jl KPLN SExSE ./data ./data/outputs
    --timelimit=Inf --knearest=5
  deps:
  - path: batch/pipeline0_kernelfit.jl
    md5: 36303fbf2646520d89f45d038dcea8e7
    size: 5233
  - path: data/data2015
    md5: 7c4a70921b6fb9788ec1c9afc6c21240.dir
    size: 93806604
    nfiles: 627
  - path: src/preprocessing.jl
    md5: 4c114b4114898e5938caf2695d685bb1
    size: 3945
  outs:
  - path: data/outputs/fitted_kernel/mll/SExSE/hyperparams_SExSE_KPLN.json
    md5: 3f1b9825463d49e88c56c164dd1260aa
    size: 615
kernelfit_KBWI_SExSE:
  cmd: julia --project=batch batch/pipeline0_kernelfit.jl KBWI SExSE ./data ./data/outputs
    --timelimit=Inf --knearest=5
  deps:
  - path: batch/pipeline0_kernelfit.jl
    md5: 36303fbf2646520d89f45d038dcea8e7
    size: 5233
  - path: data/data2015
    md5: 7c4a70921b6fb9788ec1c9afc6c21240.dir
    size: 93806604
    nfiles: 627
  - path: src/preprocessing.jl
    md5: 4c114b4114898e5938caf2695d685bb1
    size: 3945
  outs:
  - path: data/outputs/fitted_kernel/mll/SExSE/hyperparams_SExSE_KBWI.json
    md5: b5d79c76d4e52aa3fc321a31a47ee520
    size: 616
kernelfit_KJAX_SExSE:
  cmd: julia --project=batch batch/pipeline0_kernelfit.jl KJAX SExSE ./data ./data/outputs
    --timelimit=Inf --knearest=5
  deps:
  - path: batch/pipeline0_kernelfit.jl
    md5: 36303fbf2646520d89f45d038dcea8e7
    size: 5233
  - path: data/data2015
    md5: 7c4a70921b6fb9788ec1c9afc6c21240.dir
    size: 93806604
    nfiles: 627
  - path: src/preprocessing.jl
    md5: 4c114b4114898e5938caf2695d685bb1
    size: 3945
  outs:
  - path: data/outputs/fitted_kernel/mll/SExSE/hyperparams_SExSE_KJAX.json
    md5: 7f9273d59847d1390006fe4c85a00d96
    size: 615
